
Microsoft Visual Studio Solution File, Format Version 12.00
# Visual Studio Version 17
VisualStudioVersion = 17.0.32014.148
MinimumVisualStudioVersion = 10.0.40219.1
Project("{FAE04EC0-301F-11D3-BF4B-00C04F79EFBC}") = "Lucifron.ReST.Server", "Lucifron.ReST.Server\Lucifron.ReST.Server.csproj", "{E87C0549-ADC1-42AE-9312-85ADC1AE4EFE}"
EndProject
Project("{FAE04EC0-301F-11D3-BF4B-00C04F79EFBC}") = "Lucifron.ReST.Models", "Lucifron.ReST.Models\Lucifron.ReST.Models.csproj", "{0CFC16C1-E8BC-4791-BB07-BC5CEE42BB14}"
EndProject
Project("{FAE04EC0-301F-11D3-BF4B-00C04F79EFBC}") = "Lucifron.ReST.Client", "Lucifron.ReST.Client\Lucifron.ReST.Client.csproj", "{02FB8A1F-8A1F-4CAA-8C3F-49814B9D014C}"
EndProject
Project("{FAE04EC0-301F-11D3-BF4B-00C04F79EFBC}") = "Lucifron.ReST.Server.Tests", "Lucifron.ReST.Server.Tests\Lucifron.ReST.Server.Tests.csproj", "{A9D4F4EF-EB3A-44A3-98C7-BE336A47F6BB}"
EndProject
Global
	GlobalSection(SolutionConfigurationPlatforms) = preSolution
		Debug|Any CPU = Debug|Any CPU
		Release|Any CPU = Release|Any CPU
	EndGlobalSection
	GlobalSection(ProjectConfigurationPlatforms) = postSolution
		{E87C0549-ADC1-42AE-9312-85ADC1AE4EFE}.Debug|Any CPU.ActiveCfg = Debug|Any CPU
		{E87C0549-ADC1-42AE-9312-85ADC1AE4EFE}.Debug|Any CPU.Build.0 = Debug|Any CPU
		{E87C0549-ADC1-42AE-9312-85ADC1AE4EFE}.Release|Any CPU.ActiveCfg = Release|Any CPU
		{E87C0549-ADC1-42AE-9312-85ADC1AE4EFE}.Release|Any CPU.Build.0 = Release|Any CPU
		{0CFC16C1-E8BC-4791-BB07-BC5CEE42BB14}.Debug|Any CPU.ActiveCfg = Debug|Any CPU
		{0CFC16C1-E8BC-4791-BB07-BC5CEE42BB14}.Debug|Any CPU.Build.0 = Debug|Any CPU
		{0CFC16C1-E8BC-4791-BB07-BC5CEE42BB14}.Release|Any CPU.ActiveCfg = Release|Any CPU
		{0CFC16C1-E8BC-4791-BB07-BC5CEE42BB14}.Release|Any CPU.Build.0 = Release|Any CPU
		{02FB8A1F-8A1F-4CAA-8C3F-49814B9D014C}.Debug|Any CPU.ActiveCfg = Debug|Any CPU
		{02FB8A1F-8A1F-4CAA-8C3F-49814B9D014C}.Debug|Any CPU.Build.0 = Debug|Any CPU
		{02FB8A1F-8A1F-4CAA-8C3F-49814B9D014C}.Release|Any CPU.ActiveCfg = Release|Any CPU
		{02FB8A1F-8A1F-4CAA-8C3F-49814B9D014C}.Release|Any CPU.Build.0 = Release|Any CPU
		{A9D4F4EF-EB3A-44A3-98C7-BE336A47F6BB}.Debug|Any CPU.ActiveCfg = Debug|Any CPU
		{A9D4F4EF-EB3A-44A3-98C7-BE336A47F6BB}.Debug|Any CPU.Build.0 = Debug|Any CPU
		{A9D4F4EF-EB3A-44A3-98C7-BE336A47F6BB}.Release|Any CPU.ActiveCfg = Release|Any CPU
		{A9D4F4EF-EB3A-44A3-98C7-BE336A47F6BB}.Release|Any CPU.Build.0 = Release|Any CPU
	EndGlobalSection
	GlobalSection(SolutionProperties) = preSolution
		HideSolutionNode = FALSE
	EndGlobalSection
	GlobalSection(ExtensibilityGlobals) = postSolution
		SolutionGuid = {A6DE2946-4FC2-48CC-9916-AA68BBC3AF54}
	EndGlobalSection
EndGlobal
